
Microsoft Visual Studio Solution File, Format Version 11.00
# Visual Studio 2010
Project("{FAE04EC0-301F-11D3-BF4B-00C04F79EFBC}") = "Office2010Addin_Template_Outlook", "Office2010Addin_Template_Outlook.csproj", "{63B4D41E-C082-4C6F-98A8-539A562B85D7}"
EndProject
Global
	GlobalSection(SolutionConfigurationPlatforms) = preSolution
		Debug|Any CPU = Debug|Any CPU
		Release|Any CPU = Release|Any CPU
	EndGlobalSection
	GlobalSection(ProjectConfigurationPlatforms) = postSolution
		{63B4D41E-C082-4C6F-98A8-539A562B85D7}.Debug|Any CPU.ActiveCfg = Debug|Any CPU
		{63B4D41E-C082-4C6F-98A8-539A562B85D7}.Debug|Any CPU.Build.0 = Debug|Any CPU
		{63B4D41E-C082-4C6F-98A8-539A562B85D7}.Release|Any CPU.ActiveCfg = Release|Any CPU
		{63B4D41E-C082-4C6F-98A8-539A562B85D7}.Release|Any CPU.Build.0 = Release|Any CPU
	EndGlobalSection
	GlobalSection(SolutionProperties) = preSolution
		HideSolutionNode = FALSE
	EndGlobalSection
EndGlobal
