
Microsoft Visual Studio Solution File, Format Version 11.00
# Visual Studio 2010
Project("{F184B08F-C81C-45F6-A57F-5ABD9991F28F}") = "SupportToolsExcel", "SupportToolsExcel\SupportToolsExcel.vbproj", "{E9BE9152-90CE-4AAB-91C6-255E4F34E807}"
EndProject
Global
	GlobalSection(SourceCodeControl) = preSolution
		SccNumberOfProjects = 2
		SccLocalPath0 = .
		SccProjectUniqueName1 = SupportToolsExcel\\SupportToolsExcel.vbproj
		SccProjectName1 = \u0022$/Office/SupportToolsExcel/VB/SupportToolsExcel\u0022,\u0020HVRBAAAA
		SccLocalPath1 = SupportToolsExcel
	EndGlobalSection
	GlobalSection(SolutionConfigurationPlatforms) = preSolution
		Debug|Any CPU = Debug|Any CPU
		Release|Any CPU = Release|Any CPU
	EndGlobalSection
	GlobalSection(ProjectConfigurationPlatforms) = postSolution
		{E9BE9152-90CE-4AAB-91C6-255E4F34E807}.Debug|Any CPU.ActiveCfg = Debug|Any CPU
		{E9BE9152-90CE-4AAB-91C6-255E4F34E807}.Debug|Any CPU.Build.0 = Debug|Any CPU
		{E9BE9152-90CE-4AAB-91C6-255E4F34E807}.Release|Any CPU.ActiveCfg = Release|Any CPU
		{E9BE9152-90CE-4AAB-91C6-255E4F34E807}.Release|Any CPU.Build.0 = Release|Any CPU
	EndGlobalSection
	GlobalSection(SolutionProperties) = preSolution
		HideSolutionNode = FALSE
	EndGlobalSection
EndGlobal
